{
  "name": "acik-teklif-pazari",
  "version": "0.1.0",
  "lockfileVersion": 3,
  "requires": true,
  "packages": {
    "": {
      "name": "acik-teklif-pazari",
      "version": "0.1.0",
      "devDependencies": {
        "@cloudflare/workers-types": "^4.20260502.1",
        "typescript": "^6.0.3"
      }
    },
    "node_modules/@cloudflare/workers-types": {
      "version": "4.20260502.1",
      "resolved": "https://registry.npmjs.org/@cloudflare/workers-types/-/workers-types-4.20260502.1.tgz",
      "integrity": "sha512-gttFwGL0pYBF5nA2GIazKTVjDqXLnqWa/Mstd5aGTZyzkhmPy0ej3L2sIn2h8kAbF6I+XGK0P4UXvlmnuxefYg==",
      "dev": true
    },
    "node_modules/typescript": {
      "version": "6.0.3",
      "resolved": "https://registry.npmjs.org/typescript/-/typescript-6.0.3.tgz",
      "integrity": "sha512-y2TvuxSZPDyQakkFRPZHKFm+KKVqIisdg9/CZwm9ftvKXLP8NRWj38/ODjNbr43SsoXqNuAisEf1GdCxqWcdBw==",
      "dev": true,
      "bin": {
        "tsc": "bin/tsc",
        "tsserver": "bin/tsserver"
      },
      "engines": {
        "node": ">=14.17"
      }
    }
  }
}
